// !$*UTF8*$!
{
	archiveVersion = 1;
	classes = {
	};
	objectVersion = 56;
	objects = {

/* Begin PBXBuildFile section */
		913CBFA628DC851100858C8F /* AppDelegate.swift in Sources */ = {isa = PBXBuildFile; fileRef = 913CBFA528DC851100858C8F /* AppDelegate.swift */; };
		913CBFA828DC851100858C8F /* SceneDelegate.swift in Sources */ = {isa = PBXBuildFile; fileRef = 913CBFA728DC851100858C8F /* SceneDelegate.swift */; };
		913CBFAA28DC851100858C8F /* MusicPlayer.swift in Sources */ = {isa = PBXBuildFile; fileRef = 913CBFA928DC851100858C8F /* MusicPlayer.swift */; };
		913CBFAD28DC851100858C8F /* Main.storyboard in Resources */ = {isa = PBXBuildFile; fileRef = 913CBFAB28DC851100858C8F /* Main.storyboard */; };
		913CBFAF28DC851300858C8F /* Assets.xcassets in Resources */ = {isa = PBXBuildFile; fileRef = 913CBFAE28DC851300858C8F /* Assets.xcassets */; };
		913CBFB228DC851300858C8F /* LaunchScreen.storyboard in Resources */ = {isa = PBXBuildFile; fileRef = 913CBFB028DC851300858C8F /* LaunchScreen.storyboard */; };
		913CBFBA28DC970A00858C8F /* PlayerView.swift in Sources */ = {isa = PBXBuildFile; fileRef = 913CBFB928DC970A00858C8F /* PlayerView.swift */; };
		913CBFC128DC9FE000858C8F /* Extensions.swift in Sources */ = {isa = PBXBuildFile; fileRef = 913CBFC028DC9FE000858C8F /* Extensions.swift */; };
		9157E04C28E1AD9A00D18C53 /* SnapKit in Frameworks */ = {isa = PBXBuildFile; productRef = 9157E04B28E1AD9A00D18C53 /* SnapKit */; };
		917A331428E1EF7200212582 /* Custom Slider.swift in Sources */ = {isa = PBXBuildFile; fileRef = 917A331328E1EF7200212582 /* Custom Slider.swift */; };
		917C016228E0E37900B101DC /* Resources.swift in Sources */ = {isa = PBXBuildFile; fileRef = 917C016128E0E37900B101DC /* Resources.swift */; };
		91D55AA128DDA7DD00A5C194 /* Song.swift in Sources */ = {isa = PBXBuildFile; fileRef = 91D55AA028DDA7DD00A5C194 /* Song.swift */; };
		91D55AA828DDB17A00A5C194 /* MusicPlayerManager.swift in Sources */ = {isa = PBXBuildFile; fileRef = 91D55AA728DDB17A00A5C194 /* MusicPlayerManager.swift */; };
		91D55AB028DDB95B00A5C194 /* 1.mp3 in Resources */ = {isa = PBXBuildFile; fileRef = 91D55AAD28DDB95A00A5C194 /* 1.mp3 */; };
		91D55AB128DDB95B00A5C194 /* 2.mp3 in Resources */ = {isa = PBXBuildFile; fileRef = 91D55AAE28DDB95A00A5C194 /* 2.mp3 */; };
		91D55AB228DDB95B00A5C194 /* 3.mp3 in Resources */ = {isa = PBXBuildFile; fileRef = 91D55AAF28DDB95B00A5C194 /* 3.mp3 */; };
/* End PBXBuildFile section */

/* Begin PBXCopyFilesBuildPhase section */
		917C017428E0E79100B101DC /* Embed Frameworks */ = {
			isa = PBXCopyFilesBuildPhase;
			buildActionMask = 2147483647;
			dstPath = "";
			dstSubfolderSpec = 10;
			files = (
			);
			name = "Embed Frameworks";
			runOnlyForDeploymentPostprocessing = 0;
		};
/* End PBXCopyFilesBuildPhase section */

/* Begin PBXFileReference section */
		913CBFA228DC851100858C8F /* MusicPlayer.app */ = {isa = PBXFileReference; explicitFileType = wrapper.application; includeInIndex = 0; path = MusicPlayer.app; sourceTree = BUILT_PRODUCTS_DIR; };
		913CBFA528DC851100858C8F /* AppDelegate.swift */ = {isa = PBXFileReference; lastKnownFileType = sourcecode.swift; path = AppDelegate.swift; sourceTree = "<group>"; };
		913CBFA728DC851100858C8F /* SceneDelegate.swift */ = {isa = PBXFileReference; lastKnownFileType = sourcecode.swift; path = SceneDelegate.swift; sourceTree = "<group>"; };
		913CBFA928DC851100858C8F /* MusicPlayer.swift */ = {isa = PBXFileReference; lastKnownFileType = sourcecode.swift; path = MusicPlayer.swift; sourceTree = "<group>"; };
		913CBFAC28DC851100858C8F /* Base */ = {isa = PBXFileReference; lastKnownFileType = file.storyboard; name = Base; path = Base.lproj/Main.storyboard; sourceTree = "<group>"; };
		913CBFAE28DC851300858C8F /* Assets.xcassets */ = {isa = PBXFileReference; lastKnownFileType = folder.assetcatalog; path = Assets.xcassets; sourceTree = "<group>"; };
		913CBFB128DC851300858C8F /* Base */ = {isa = PBXFileReference; lastKnownFileType = file.storyboard; name = Base; path = Base.lproj/LaunchScreen.storyboard; sourceTree = "<group>"; };
		913CBFB328DC851300858C8F /* Info.plist */ = {isa = PBXFileReference; lastKnownFileType = text.plist.xml; path = Info.plist; sourceTree = "<group>"; };
		913CBFB928DC970A00858C8F /* PlayerView.swift */ = {isa = PBXFileReference; lastKnownFileType = sourcecode.swift; path = PlayerView.swift; sourceTree = "<group>"; };
		913CBFC028DC9FE000858C8F /* Extensions.swift */ = {isa = PBXFileReference; lastKnownFileType = sourcecode.swift; path = Extensions.swift; sourceTree = "<group>"; };
		917A331328E1EF7200212582 /* Custom Slider.swift */ = {isa = PBXFileReference; lastKnownFileType = sourcecode.swift; path = "Custom Slider.swift"; sourceTree = "<group>"; };
		917C016128E0E37900B101DC /* Resources.swift */ = {isa = PBXFileReference; lastKnownFileType = sourcecode.swift; path = Resources.swift; sourceTree = "<group>"; };
		91D55AA028DDA7DD00A5C194 /* Song.swift */ = {isa = PBXFileReference; lastKnownFileType = sourcecode.swift; path = Song.swift; sourceTree = "<group>"; };
		91D55AA728DDB17A00A5C194 /* MusicPlayerManager.swift */ = {isa = PBXFileReference; lastKnownFileType = sourcecode.swift; path = MusicPlayerManager.swift; sourceTree = "<group>"; };
		91D55AAD28DDB95A00A5C194 /* 1.mp3 */ = {isa = PBXFileReference; lastKnownFileType = audio.mp3; path = 1.mp3; sourceTree = "<group>"; };
		91D55AAE28DDB95A00A5C194 /* 2.mp3 */ = {isa = PBXFileReference; lastKnownFileType = audio.mp3; path = 2.mp3; sourceTree = "<group>"; };
		91D55AAF28DDB95B00A5C194 /* 3.mp3 */ = {isa = PBXFileReference; lastKnownFileType = audio.mp3; path = 3.mp3; sourceTree = "<group>"; };
/* End PBXFileReference section */

/* Begin PBXFrameworksBuildPhase section */
		913CBF9F28DC851100858C8F /* Frameworks */ = {
			isa = PBXFrameworksBuildPhase;
			buildActionMask = 2147483647;
			files = (
				9157E04C28E1AD9A00D18C53 /* SnapKit in Frameworks */,
			);
			runOnlyForDeploymentPostprocessing = 0;
		};
/* End PBXFrameworksBuildPhase section */

/* Begin PBXGroup section */
		913CBF9928DC851100858C8F = {
			isa = PBXGroup;
			children = (
				91D55AAC28DDB93000A5C194 /* Music */,
				913CBFA428DC851100858C8F /* MusicPlayer */,
				913CBFA328DC851100858C8F /* Products */,
			);
			sourceTree = "<group>";
		};
		913CBFA328DC851100858C8F /* Products */ = {
			isa = PBXGroup;
			children = (
				913CBFA228DC851100858C8F /* MusicPlayer.app */,
			);
			name = Products;
			sourceTree = "<group>";
		};
		913CBFA428DC851100858C8F /* MusicPlayer */ = {
			isa = PBXGroup;
			children = (
				913CBFBE28DC9E9600858C8F /* Application */,
				91D55A9F28DDA77600A5C194 /* Model */,
				91D55AA228DDA92800A5C194 /* Manager */,
				913CBFBD28DC9E8700858C8F /* ViewController */,
				913CBFBF28DC9EA800858C8F /* View */,
				917C016028E0E35E00B101DC /* Resources */,
				913CBFC028DC9FE000858C8F /* Extensions.swift */,
				913CBFAB28DC851100858C8F /* Main.storyboard */,
				913CBFAE28DC851300858C8F /* Assets.xcassets */,
				913CBFB028DC851300858C8F /* LaunchScreen.storyboard */,
				913CBFB328DC851300858C8F /* Info.plist */,
			);
			path = MusicPlayer;
			sourceTree = "<group>";
		};
		913CBFBD28DC9E8700858C8F /* ViewController */ = {
			isa = PBXGroup;
			children = (
				913CBFA928DC851100858C8F /* MusicPlayer.swift */,
			);
			path = ViewController;
			sourceTree = "<group>";
		};
		913CBFBE28DC9E9600858C8F /* Application */ = {
			isa = PBXGroup;
			children = (
				913CBFA528DC851100858C8F /* AppDelegate.swift */,
				913CBFA728DC851100858C8F /* SceneDelegate.swift */,
			);
			path = Application;
			sourceTree = "<group>";
		};
		913CBFBF28DC9EA800858C8F /* View */ = {
			isa = PBXGroup;
			children = (
				913CBFB928DC970A00858C8F /* PlayerView.swift */,
				9157E05228E1ED5A00D18C53 /* Custom Slider */,
			);
			path = View;
			sourceTree = "<group>";
		};
		9157E05228E1ED5A00D18C53 /* Custom Slider */ = {
			isa = PBXGroup;
			children = (
				917A331328E1EF7200212582 /* Custom Slider.swift */,
			);
			path = "Custom Slider";
			sourceTree = "<group>";
		};
		917C016028E0E35E00B101DC /* Resources */ = {
			isa = PBXGroup;
			children = (
				917C016128E0E37900B101DC /* Resources.swift */,
			);
			path = Resources;
			sourceTree = "<group>";
		};
		91D55A9F28DDA77600A5C194 /* Model */ = {
			isa = PBXGroup;
			children = (
				91D55AA028DDA7DD00A5C194 /* Song.swift */,
			);
			path = Model;
			sourceTree = "<group>";
		};
		91D55AA228DDA92800A5C194 /* Manager */ = {
			isa = PBXGroup;
			children = (
				91D55AA728DDB17A00A5C194 /* MusicPlayerManager.swift */,
			);
			path = Manager;
			sourceTree = "<group>";
		};
		91D55AAC28DDB93000A5C194 /* Music */ = {
			isa = PBXGroup;
			children = (
				91D55AAD28DDB95A00A5C194 /* 1.mp3 */,
				91D55AAE28DDB95A00A5C194 /* 2.mp3 */,
				91D55AAF28DDB95B00A5C194 /* 3.mp3 */,
			);
			path = Music;
			sourceTree = "<group>";
		};
/* End PBXGroup section */

/* Begin PBXNativeTarget section */
		913CBFA128DC851100858C8F /* MusicPlayer */ = {
			isa = PBXNativeTarget;
			buildConfigurationList = 913CBFB628DC851300858C8F /* Build configuration list for PBXNativeTarget "MusicPlayer" */;
			buildPhases = (
				913CBF9E28DC851100858C8F /* Sources */,
				913CBF9F28DC851100858C8F /* Frameworks */,
				913CBFA028DC851100858C8F /* Resources */,
				917C017428E0E79100B101DC /* Embed Frameworks */,
			);
			buildRules = (
			);
			dependencies = (
			);
			name = MusicPlayer;
			packageProductDependencies = (
				9157E04B28E1AD9A00D18C53 /* SnapKit */,
			);
			productName = MusicPlayer;
			productReference = 913CBFA228DC851100858C8F /* MusicPlayer.app */;
			productType = "com.apple.product-type.application";
		};
/* End PBXNativeTarget section */

/* Begin PBXProject section */
		913CBF9A28DC851100858C8F /* Project object */ = {
			isa = PBXProject;
			attributes = {
				BuildIndependentTargetsInParallel = 1;
				LastSwiftUpdateCheck = 1400;
				LastUpgradeCheck = 1400;
				TargetAttributes = {
					913CBFA128DC851100858C8F = {
						CreatedOnToolsVersion = 14.0;
					};
				};
			};
			buildConfigurationList = 913CBF9D28DC851100858C8F /* Build configuration list for PBXProject "MusicPlayer" */;
			compatibilityVersion = "Xcode 14.0";
			developmentRegion = en;
			hasScannedForEncodings = 0;
			knownRegions = (
				en,
				Base,
			);
			mainGroup = 913CBF9928DC851100858C8F;
			packageReferences = (
				9157E04A28E1AD9A00D18C53 /* XCRemoteSwiftPackageReference "SnapKit" */,
			);
			productRefGroup = 913CBFA328DC851100858C8F /* Products */;
			projectDirPath = "";
			projectRoot = "";
			targets = (
				913CBFA128DC851100858C8F /* MusicPlayer */,
			);
		};
/* End PBXProject section */

/* Begin PBXResourcesBuildPhase section */
		913CBFA028DC851100858C8F /* Resources */ = {
			isa = PBXResourcesBuildPhase;
			buildActionMask = 2147483647;
			files = (
				913CBFB228DC851300858C8F /* LaunchScreen.storyboard in Resources */,
				913CBFAF28DC851300858C8F /* Assets.xcassets in Resources */,
				91D55AB028DDB95B00A5C194 /* 1.mp3 in Resources */,
				913CBFAD28DC851100858C8F /* Main.storyboard in Resources */,
				91D55AB128DDB95B00A5C194 /* 2.mp3 in Resources */,
				91D55AB228DDB95B00A5C194 /* 3.mp3 in Resources */,
			);
			runOnlyForDeploymentPostprocessing = 0;
		};
/* End PBXResourcesBuildPhase section */

/* Begin PBXSourcesBuildPhase section */
		913CBF9E28DC851100858C8F /* Sources */ = {
			isa = PBXSourcesBuildPhase;
			buildActionMask = 2147483647;
			files = (
				913CBFC128DC9FE000858C8F /* Extensions.swift in Sources */,
				913CBFAA28DC851100858C8F /* MusicPlayer.swift in Sources */,
				917A331428E1EF7200212582 /* Custom Slider.swift in Sources */,
				913CBFA628DC851100858C8F /* AppDelegate.swift in Sources */,
				913CBFA828DC851100858C8F /* SceneDelegate.swift in Sources */,
				917C016228E0E37900B101DC /* Resources.swift in Sources */,
				913CBFBA28DC970A00858C8F /* PlayerView.swift in Sources */,
				91D55AA828DDB17A00A5C194 /* MusicPlayerManager.swift in Sources */,
				91D55AA128DDA7DD00A5C194 /* Song.swift in Sources */,
			);
			runOnlyForDeploymentPostprocessing = 0;
		};
/* End PBXSourcesBuildPhase section */

/* Begin PBXVariantGroup section */
		913CBFAB28DC851100858C8F /* Main.storyboard */ = {
			isa = PBXVariantGroup;
			children = (
				913CBFAC28DC851100858C8F /* Base */,
			);
			name = Main.storyboard;
			sourceTree = "<group>";
		};
		913CBFB028DC851300858C8F /* LaunchScreen.storyboard */ = {
			isa = PBXVariantGroup;
			children = (
				913CBFB128DC851300858C8F /* Base */,
			);
			name = LaunchScreen.storyboard;
			sourceTree = "<group>";
		};
/* End PBXVariantGroup section */

/* Begin XCBuildConfiguration section */
		913CBFB428DC851300858C8F /* Debug */ = {
			isa = XCBuildConfiguration;
			buildSettings = {
				ALWAYS_SEARCH_USER_PATHS = NO;
				CLANG_ANALYZER_NONNULL = YES;
				CLANG_ANALYZER_NUMBER_OBJECT_CONVERSION = YES_AGGRESSIVE;
				CLANG_CXX_LANGUAGE_STANDARD = "gnu++20";
				CLANG_ENABLE_MODULES = YES;
				CLANG_ENABLE_OBJC_ARC = YES;
				CLANG_ENABLE_OBJC_WEAK = YES;
				CLANG_WARN_BLOCK_CAPTURE_AUTORELEASING = YES;
				CLANG_WARN_BOOL_CONVERSION = YES;
				CLANG_WARN_COMMA = YES;
				CLANG_WARN_CONSTANT_CONVERSION = YES;
				CLANG_WARN_DEPRECATED_OBJC_IMPLEMENTATIONS = YES;
				CLANG_WARN_DIRECT_OBJC_ISA_USAGE = YES_ERROR;
				CLANG_WARN_DOCUMENTATION_COMMENTS = YES;
				CLANG_WARN_EMPTY_BODY = YES;
				CLANG_WARN_ENUM_CONVERSION = YES;
				CLANG_WARN_INFINITE_RECURSION = YES;
				CLANG_WARN_INT_CONVERSION = YES;
				CLANG_WARN_NON_LITERAL_NULL_CONVERSION = YES;
				CLANG_WARN_OBJC_IMPLICIT_RETAIN_SELF = YES;
				CLANG_WARN_OBJC_LITERAL_CONVERSION = YES;
				CLANG_WARN_OBJC_ROOT_CLASS = YES_ERROR;
				CLANG_WARN_QUOTED_INCLUDE_IN_FRAMEWORK_HEADER = YES;
				CLANG_WARN_RANGE_LOOP_ANALYSIS = YES;
				CLANG_WARN_STRICT_PROTOTYPES = YES;
				CLANG_WARN_SUSPICIOUS_MOVE = YES;
				CLANG_WARN_UNGUARDED_AVAILABILITY = YES_AGGRESSIVE;
				CLANG_WARN_UNREACHABLE_CODE = YES;
				CLANG_WARN__DUPLICATE_METHOD_MATCH = YES;
				COPY_PHASE_STRIP = NO;
				DEBUG_INFORMATION_FORMAT = dwarf;
				ENABLE_STRICT_OBJC_MSGSEND = YES;
				ENABLE_TESTABILITY = YES;
				GCC_C_LANGUAGE_STANDARD = gnu11;
				GCC_DYNAMIC_NO_PIC = NO;
				GCC_NO_COMMON_BLOCKS = YES;
				GCC_OPTIMIZATION_LEVEL = 0;
				GCC_PREPROCESSOR_DEFINITIONS = (
					"DEBUG=1",
					"$(inherited)",
				);
				GCC_WARN_64_TO_32_BIT_CONVERSION = YES;
				GCC_WARN_ABOUT_RETURN_TYPE = YES_ERROR;
				GCC_WARN_UNDECLARED_SELECTOR = YES;
				GCC_WARN_UNINITIALIZED_AUTOS = YES_AGGRESSIVE;
				GCC_WARN_UNUSED_FUNCTION = YES;
				GCC_WARN_UNUSED_VARIABLE = YES;
				IPHONEOS_DEPLOYMENT_TARGET = 16.0;
				MTL_ENABLE_DEBUG_INFO = INCLUDE_SOURCE;
				MTL_FAST_MATH = YES;
				ONLY_ACTIVE_ARCH = YES;
				SDKROOT = iphoneos;
				SWIFT_ACTIVE_COMPILATION_CONDITIONS = DEBUG;
				SWIFT_OPTIMIZATION_LEVEL = "-Onone";
			};
			name = Debug;
		};
		913CBFB528DC851300858C8F /* Release */ = {
			isa = XCBuildConfiguration;
			buildSettings = {
				ALWAYS_SEARCH_USER_PATHS = NO;
				CLANG_ANALYZER_NONNULL = YES;
				CLANG_ANALYZER_NUMBER_OBJECT_CONVERSION = YES_AGGRESSIVE;
				CLANG_CXX_LANGUAGE_STANDARD = "gnu++20";
				CLANG_ENABLE_MODULES = YES;
				CLANG_ENABLE_OBJC_ARC = YES;
				CLANG_ENABLE_OBJC_WEAK = YES;
				CLANG_WARN_BLOCK_CAPTURE_AUTORELEASING = YES;
				CLANG_WARN_BOOL_CONVERSION = YES;
				CLANG_WARN_COMMA = YES;
				CLANG_WARN_CONSTANT_CONVERSION = YES;
				CLANG_WARN_DEPRECATED_OBJC_IMPLEMENTATIONS = YES;
				CLANG_WARN_DIRECT_OBJC_ISA_USAGE = YES_ERROR;
				CLANG_WARN_DOCUMENTATION_COMMENTS = YES;
				CLANG_WARN_EMPTY_BODY = YES;
				CLANG_WARN_ENUM_CONVERSION = YES;
				CLANG_WARN_INFINITE_RECURSION = YES;
				CLANG_WARN_INT_CONVERSION = YES;
				CLANG_WARN_NON_LITERAL_NULL_CONVERSION = YES;
				CLANG_WARN_OBJC_IMPLICIT_RETAIN_SELF = YES;
				CLANG_WARN_OBJC_LITERAL_CONVERSION = YES;
				CLANG_WARN_OBJC_ROOT_CLASS = YES_ERROR;
				CLANG_WARN_QUOTED_INCLUDE_IN_FRAMEWORK_HEADER = YES;
				CLANG_WARN_RANGE_LOOP_ANALYSIS = YES;
				CLANG_WARN_STRICT_PROTOTYPES = YES;
				CLANG_WARN_SUSPICIOUS_MOVE = YES;
				CLANG_WARN_UNGUARDED_AVAILABILITY = YES_AGGRESSIVE;
				CLANG_WARN_UNREACHABLE_CODE = YES;
				CLANG_WARN__DUPLICATE_METHOD_MATCH = YES;
				COPY_PHASE_STRIP = NO;
				DEBUG_INFORMATION_FORMAT = "dwarf-with-dsym";
				ENABLE_NS_ASSERTIONS = NO;
				ENABLE_STRICT_OBJC_MSGSEND = YES;
				GCC_C_LANGUAGE_STANDARD = gnu11;
				GCC_NO_COMMON_BLOCKS = YES;
				GCC_WARN_64_TO_32_BIT_CONVERSION = YES;
				GCC_WARN_ABOUT_RETURN_TYPE = YES_ERROR;
				GCC_WARN_UNDECLARED_SELECTOR = YES;
				GCC_WARN_UNINITIALIZED_AUTOS = YES_AGGRESSIVE;
				GCC_WARN_UNUSED_FUNCTION = YES;
				GCC_WARN_UNUSED_VARIABLE = YES;
				IPHONEOS_DEPLOYMENT_TARGET = 16.0;
				MTL_ENABLE_DEBUG_INFO = NO;
				MTL_FAST_MATH = YES;
				SDKROOT = iphoneos;
				SWIFT_COMPILATION_MODE = wholemodule;
				SWIFT_OPTIMIZATION_LEVEL = "-O";
				VALIDATE_PRODUCT = YES;
			};
			name = Release;
		};
		913CBFB728DC851300858C8F /* Debug */ = {
			isa = XCBuildConfiguration;
			buildSettings = {
				ASSETCATALOG_COMPILER_APPICON_NAME = AppIcon;
				ASSETCATALOG_COMPILER_GLOBAL_ACCENT_COLOR_NAME = AccentColor;
				CODE_SIGN_STYLE = Automatic;
				CURRENT_PROJECT_VERSION = 1;
				GENERATE_INFOPLIST_FILE = YES;
				INFOPLIST_FILE = MusicPlayer/Info.plist;
				INFOPLIST_KEY_UIApplicationSupportsIndirectInputEvents = YES;
				INFOPLIST_KEY_UILaunchStoryboardName = LaunchScreen;
				INFOPLIST_KEY_UIMainStoryboardFile = Main;
				INFOPLIST_KEY_UISupportedInterfaceOrientations_iPad = "UIInterfaceOrientationPortrait UIInterfaceOrientationPortraitUpsideDown UIInterfaceOrientationLandscapeLeft UIInterfaceOrientationLandscapeRight";
				INFOPLIST_KEY_UISupportedInterfaceOrientations_iPhone = "UIInterfaceOrientationPortrait UIInterfaceOrientationLandscapeLeft UIInterfaceOrientationLandscapeRight";
				IPHONEOS_DEPLOYMENT_TARGET = 15.5;
				LD_RUNPATH_SEARCH_PATHS = (
					"$(inherited)",
					"@executable_path/Frameworks",
				);
				MARKETING_VERSION = 1.0;
				PRODUCT_BUNDLE_IDENTIFIER = bitcode.MusicPlayer;
				PRODUCT_NAME = "$(TARGET_NAME)";
				SWIFT_EMIT_LOC_STRINGS = YES;
				SWIFT_VERSION = 5.0;
				TARGETED_DEVICE_FAMILY = "1,2";
			};
			name = Debug;
		};
		913CBFB828DC851300858C8F /* Release */ = {
			isa = XCBuildConfiguration;
			buildSettings = {
				ASSETCATALOG_COMPILER_APPICON_NAME = AppIcon;
				ASSETCATALOG_COMPILER_GLOBAL_ACCENT_COLOR_NAME = AccentColor;
				CODE_SIGN_STYLE = Automatic;
				CURRENT_PROJECT_VERSION = 1;
				GENERATE_INFOPLIST_FILE = YES;
				INFOPLIST_FILE = MusicPlayer/Info.plist;
				INFOPLIST_KEY_UIApplicationSupportsIndirectInputEvents = YES;
				INFOPLIST_KEY_UILaunchStoryboardName = LaunchScreen;
				INFOPLIST_KEY_UIMainStoryboardFile = Main;
				INFOPLIST_KEY_UISupportedInterfaceOrientations_iPad = "UIInterfaceOrientationPortrait UIInterfaceOrientationPortraitUpsideDown UIInterfaceOrientationLandscapeLeft UIInterfaceOrientationLandscapeRight";
				INFOPLIST_KEY_UISupportedInterfaceOrientations_iPhone = "UIInterfaceOrientationPortrait UIInterfaceOrientationLandscapeLeft UIInterfaceOrientationLandscapeRight";
				IPHONEOS_DEPLOYMENT_TARGET = 15.5;
				LD_RUNPATH_SEARCH_PATHS = (
					"$(inherited)",
					"@executable_path/Frameworks",
				);
				MARKETING_VERSION = 1.0;
				PRODUCT_BUNDLE_IDENTIFIER = bitcode.MusicPlayer;
				PRODUCT_NAME = "$(TARGET_NAME)";
				SWIFT_EMIT_LOC_STRINGS = YES;
				SWIFT_VERSION = 5.0;
				TARGETED_DEVICE_FAMILY = "1,2";
			};
			name = Release;
		};
/* End XCBuildConfiguration section */

/* Begin XCConfigurationList section */
		913CBF9D28DC851100858C8F /* Build configuration list for PBXProject "MusicPlayer" */ = {
			isa = XCConfigurationList;
			buildConfigurations = (
				913CBFB428DC851300858C8F /* Debug */,
				913CBFB528DC851300858C8F /* Release */,
			);
			defaultConfigurationIsVisible = 0;
			defaultConfigurationName = Release;
		};
		913CBFB628DC851300858C8F /* Build configuration list for PBXNativeTarget "MusicPlayer" */ = {
			isa = XCConfigurationList;
			buildConfigurations = (
				913CBFB728DC851300858C8F /* Debug */,
				913CBFB828DC851300858C8F /* Release */,
			);
			defaultConfigurationIsVisible = 0;
			defaultConfigurationName = Release;
		};
/* End XCConfigurationList section */

/* Begin XCRemoteSwiftPackageReference section */
		9157E04A28E1AD9A00D18C53 /* XCRemoteSwiftPackageReference "SnapKit" */ = {
			isa = XCRemoteSwiftPackageReference;
			repositoryURL = "https://github.com/SnapKit/SnapKit.git";
			requirement = {
				kind = upToNextMinorVersion;
				minimumVersion = 5.6.0;
			};
		};
/* End XCRemoteSwiftPackageReference section */

/* Begin XCSwiftPackageProductDependency section */
		9157E04B28E1AD9A00D18C53 /* SnapKit */ = {
			isa = XCSwiftPackageProductDependency;
			package = 9157E04A28E1AD9A00D18C53 /* XCRemoteSwiftPackageReference "SnapKit" */;
			productName = SnapKit;
		};
/* End XCSwiftPackageProductDependency section */
	};
	rootObject = 913CBF9A28DC851100858C8F /* Project object */;
}
